
Microsoft Visual Studio Solution File, Format Version 10.00
# Visual Studio 2008
Project("{FAE04EC0-301F-11D3-BF4B-00C04F79EFBC}") = "b17", "b17\b17.csproj", "{2CF50714-5C45-4AC2-80DB-5F23E9A2792B}"
EndProject
Project("{FAE04EC0-301F-11D3-BF4B-00C04F79EFBC}") = "b17.specs", "b17.Specs\b17.specs.csproj", "{C595CE09-BD13-4022-88EE-152DD4597B33}"
EndProject
Global
	GlobalSection(SolutionConfigurationPlatforms) = preSolution
		Debug|Any CPU = Debug|Any CPU
		Release|Any CPU = Release|Any CPU
	EndGlobalSection
	GlobalSection(ProjectConfigurationPlatforms) = postSolution
		{2CF50714-5C45-4AC2-80DB-5F23E9A2792B}.Debug|Any CPU.ActiveCfg = Debug|Any CPU
		{2CF50714-5C45-4AC2-80DB-5F23E9A2792B}.Debug|Any CPU.Build.0 = Debug|Any CPU
		{2CF50714-5C45-4AC2-80DB-5F23E9A2792B}.Release|Any CPU.ActiveCfg = Release|Any CPU
		{2CF50714-5C45-4AC2-80DB-5F23E9A2792B}.Release|Any CPU.Build.0 = Release|Any CPU
		{C595CE09-BD13-4022-88EE-152DD4597B33}.Debug|Any CPU.ActiveCfg = Debug|Any CPU
		{C595CE09-BD13-4022-88EE-152DD4597B33}.Debug|Any CPU.Build.0 = Debug|Any CPU
		{C595CE09-BD13-4022-88EE-152DD4597B33}.Release|Any CPU.ActiveCfg = Release|Any CPU
		{C595CE09-BD13-4022-88EE-152DD4597B33}.Release|Any CPU.Build.0 = Release|Any CPU
	EndGlobalSection
	GlobalSection(SolutionProperties) = preSolution
		HideSolutionNode = FALSE
	EndGlobalSection
EndGlobal
